
Microsoft Visual Studio Solution File, Format Version 12.00
# Visual Studio Version 16
VisualStudioVersion = 16.0.30523.141
MinimumVisualStudioVersion = 10.0.40219.1
Project("{FAE04EC0-301F-11D3-BF4B-00C04F79EFBC}") = "Calculator", "Calculator\Calculator.csproj", "{C210AE54-7BB4-4140-999F-D310B18ACD5C}"
EndProject
Global
	GlobalSection(SolutionConfigurationPlatforms) = preSolution
		Debug|Any CPU = Debug|Any CPU
		Release|Any CPU = Release|Any CPU
	EndGlobalSection
	GlobalSection(ProjectConfigurationPlatforms) = postSolution
		{C210AE54-7BB4-4140-999F-D310B18ACD5C}.Debug|Any CPU.ActiveCfg = Debug|Any CPU
		{C210AE54-7BB4-4140-999F-D310B18ACD5C}.Debug|Any CPU.Build.0 = Debug|Any CPU
		{C210AE54-7BB4-4140-999F-D310B18ACD5C}.Release|Any CPU.ActiveCfg = Release|Any CPU
		{C210AE54-7BB4-4140-999F-D310B18ACD5C}.Release|Any CPU.Build.0 = Release|Any CPU
	EndGlobalSection
	GlobalSection(SolutionProperties) = preSolution
		HideSolutionNode = FALSE
	EndGlobalSection
	GlobalSection(ExtensibilityGlobals) = postSolution
		SolutionGuid = {C19F34C3-AA06-41B9-8C82-8795521C7BC6}
	EndGlobalSection
EndGlobal
